
Microsoft Visual Studio Solution File, Format Version 12.00
# Visual Studio Version 17
VisualStudioVersion = 17.14.35821.62
MinimumVisualStudioVersion = 10.0.40219.1
Project("{FAE04EC0-301F-11D3-BF4B-00C04F79EFBC}") = "FactoryAssetManagement", "FactoryAssetManagement\FactoryAssetManagement\FactoryAssetManagement.csproj", "{38970F9F-7D43-4C31-B4B9-EC9D0B6EB25D}"
EndProject
Project("{FAE04EC0-301F-11D3-BF4B-00C04F79EFBC}") = "FactoryAssetManagement.Client", "FactoryAssetManagement\FactoryAssetManagement.Client\FactoryAssetManagement.Client.csproj", "{19B2BE27-9433-442B-8A1D-26D24B918F86}"
EndProject
Global
	GlobalSection(SolutionConfigurationPlatforms) = preSolution
		Debug|Any CPU = Debug|Any CPU
		Release|Any CPU = Release|Any CPU
	EndGlobalSection
	GlobalSection(ProjectConfigurationPlatforms) = postSolution
		{38970F9F-7D43-4C31-B4B9-EC9D0B6EB25D}.Debug|Any CPU.ActiveCfg = Debug|Any CPU
		{38970F9F-7D43-4C31-B4B9-EC9D0B6EB25D}.Debug|Any CPU.Build.0 = Debug|Any CPU
		{38970F9F-7D43-4C31-B4B9-EC9D0B6EB25D}.Release|Any CPU.ActiveCfg = Release|Any CPU
		{38970F9F-7D43-4C31-B4B9-EC9D0B6EB25D}.Release|Any CPU.Build.0 = Release|Any CPU
		{19B2BE27-9433-442B-8A1D-26D24B918F86}.Debug|Any CPU.ActiveCfg = Debug|Any CPU
		{19B2BE27-9433-442B-8A1D-26D24B918F86}.Debug|Any CPU.Build.0 = Debug|Any CPU
		{19B2BE27-9433-442B-8A1D-26D24B918F86}.Release|Any CPU.ActiveCfg = Release|Any CPU
		{19B2BE27-9433-442B-8A1D-26D24B918F86}.Release|Any CPU.Build.0 = Release|Any CPU
	EndGlobalSection
	GlobalSection(SolutionProperties) = preSolution
		HideSolutionNode = FALSE
	EndGlobalSection
	GlobalSection(ExtensibilityGlobals) = postSolution
		SolutionGuid = {50FC7261-27DD-4CF0-A7C5-AAC91768CAF8}
	EndGlobalSection
EndGlobal
